
Microsoft Visual Studio Solution File, Format Version 12.00
# Visual Studio 2012
Project("{FAE04EC0-301F-11D3-BF4B-00C04F79EFBC}") = "Layer", "Layer\Layer.csproj", "{0D7B596C-B3DA-4DA1-A676-E0668E63FE09}"
EndProject
Global
	GlobalSection(SolutionConfigurationPlatforms) = preSolution
		Debug|Any CPU = Debug|Any CPU
		Release|Any CPU = Release|Any CPU
	EndGlobalSection
	GlobalSection(ProjectConfigurationPlatforms) = postSolution
		{0D7B596C-B3DA-4DA1-A676-E0668E63FE09}.Debug|Any CPU.ActiveCfg = Debug|Any CPU
		{0D7B596C-B3DA-4DA1-A676-E0668E63FE09}.Debug|Any CPU.Build.0 = Debug|Any CPU
		{0D7B596C-B3DA-4DA1-A676-E0668E63FE09}.Release|Any CPU.ActiveCfg = Release|Any CPU
		{0D7B596C-B3DA-4DA1-A676-E0668E63FE09}.Release|Any CPU.Build.0 = Release|Any CPU
	EndGlobalSection
EndGlobal
